
Microsoft Visual Studio Solution File, Format Version 12.00
# Visual Studio Version 17
VisualStudioVersion = 17.1.32421.90
MinimumVisualStudioVersion = 10.0.40219.1
Project("{FAE04EC0-301F-11D3-BF4B-00C04F79EFBC}") = "PW ini Editor", "PW ini Editor\PW ini Editor.csproj", "{3B0699EC-07E1-42D3-8BA2-266CA338E44B}"
EndProject
Global
	GlobalSection(SolutionConfigurationPlatforms) = preSolution
		Debug|Any CPU = Debug|Any CPU
		Release|Any CPU = Release|Any CPU
	EndGlobalSection
	GlobalSection(ProjectConfigurationPlatforms) = postSolution
		{3B0699EC-07E1-42D3-8BA2-266CA338E44B}.Debug|Any CPU.ActiveCfg = Debug|Any CPU
		{3B0699EC-07E1-42D3-8BA2-266CA338E44B}.Debug|Any CPU.Build.0 = Debug|Any CPU
		{3B0699EC-07E1-42D3-8BA2-266CA338E44B}.Release|Any CPU.ActiveCfg = Release|Any CPU
		{3B0699EC-07E1-42D3-8BA2-266CA338E44B}.Release|Any CPU.Build.0 = Release|Any CPU
	EndGlobalSection
	GlobalSection(SolutionProperties) = preSolution
		HideSolutionNode = FALSE
	EndGlobalSection
	GlobalSection(ExtensibilityGlobals) = postSolution
		SolutionGuid = {23F5FC09-7D79-4747-96CA-4843BC61784C}
	EndGlobalSection
EndGlobal
